{
  "name": "tp_centre_equestre",
  "lockfileVersion": 2,
  "requires": true,
  "packages": {
    "": {
      "dependencies": {
        "fullcalendar": "^5.11.4"
      }
    },
    "node_modules/fullcalendar": {
      "version": "5.11.4",
      "resolved": "https://registry.npmjs.org/fullcalendar/-/fullcalendar-5.11.4.tgz",
      "integrity": "sha512-1TH40KkWFVlZBpqJ/eB69E7nPABleA0skoc7pTIXJNNNYyUuKPjiJg+TSMunjJ9faPLzvbvfCdgttGZnynPA3Q=="
    }
  },
  "dependencies": {
    "fullcalendar": {
      "version": "5.11.4",
      "resolved": "https://registry.npmjs.org/fullcalendar/-/fullcalendar-5.11.4.tgz",
      "integrity": "sha512-1TH40KkWFVlZBpqJ/eB69E7nPABleA0skoc7pTIXJNNNYyUuKPjiJg+TSMunjJ9faPLzvbvfCdgttGZnynPA3Q=="
    }
  }
}
